
Microsoft Visual Studio Solution File, Format Version 10.00
# Visual Studio 2008
Project("{8BC9CEB8-8B4A-11D0-8D11-00A0C91BC942}") = "flowchart_test", "flowchart_test.vcproj", "{EF28CD3A-2476-4467-8701-59DE915FCDB9}"
EndProject
Global
	GlobalSection(SolutionConfigurationPlatforms) = preSolution
		Debug|Win32 = Debug|Win32
		Release|Win32 = Release|Win32
	EndGlobalSection
	GlobalSection(ProjectConfigurationPlatforms) = postSolution
		{EF28CD3A-2476-4467-8701-59DE915FCDB9}.Debug|Win32.ActiveCfg = Debug|Win32
		{EF28CD3A-2476-4467-8701-59DE915FCDB9}.Debug|Win32.Build.0 = Debug|Win32
		{EF28CD3A-2476-4467-8701-59DE915FCDB9}.Release|Win32.ActiveCfg = Release|Win32
		{EF28CD3A-2476-4467-8701-59DE915FCDB9}.Release|Win32.Build.0 = Release|Win32
	EndGlobalSection
	GlobalSection(SolutionProperties) = preSolution
		HideSolutionNode = FALSE
	EndGlobalSection
EndGlobal
